
Microsoft Visual Studio Solution File, Format Version 12.00
# Visual Studio Version 16
VisualStudioVersion = 16.0.30907.101
MinimumVisualStudioVersion = 10.0.40219.1
Project("{FAE04EC0-301F-11D3-BF4B-00C04F79EFBC}") = "bSpin", "bSpin\bSpin.csproj", "{A700BF6C-6464-45E5-BE38-972AED987AD7}"
EndProject
Global
	GlobalSection(SolutionConfigurationPlatforms) = preSolution
		Debug|x64 = Debug|x64
		Release|x64 = Release|x64
	EndGlobalSection
	GlobalSection(ProjectConfigurationPlatforms) = postSolution
		{A700BF6C-6464-45E5-BE38-972AED987AD7}.Debug|x64.ActiveCfg = Debug|x64
		{A700BF6C-6464-45E5-BE38-972AED987AD7}.Debug|x64.Build.0 = Debug|x64
		{A700BF6C-6464-45E5-BE38-972AED987AD7}.Release|x64.ActiveCfg = Release|x64
		{A700BF6C-6464-45E5-BE38-972AED987AD7}.Release|x64.Build.0 = Release|x64
	EndGlobalSection
	GlobalSection(SolutionProperties) = preSolution
		HideSolutionNode = FALSE
	EndGlobalSection
	GlobalSection(ExtensibilityGlobals) = postSolution
		SolutionGuid = {EBEDB70C-42F7-4C97-95E9-0F2088D7476D}
	EndGlobalSection
EndGlobal
